{
  "requires": true,
  "lockfileVersion": 1,
  "dependencies": {
    "@types/d3": {
      "version": "5.7.2",
      "resolved": "https://registry.npm.taobao.org/@types/d3/download/@types/d3-5.7.2.tgz",
      "integrity": "sha1-UiNetxodPKFx1tylKlj1zL4CVMw=",
      "requires": {
        "@types/d3-array": "^1",
        "@types/d3-axis": "*",
        "@types/d3-brush": "*",
        "@types/d3-chord": "*",
        "@types/d3-collection": "*",
        "@types/d3-color": "*",
        "@types/d3-contour": "*",
        "@types/d3-dispatch": "*",
        "@types/d3-drag": "*",
        "@types/d3-dsv": "*",
        "@types/d3-ease": "*",
        "@types/d3-fetch": "*",
        "@types/d3-force": "*",
        "@types/d3-format": "*",
        "@types/d3-geo": "*",
        "@types/d3-hierarchy": "*",
        "@types/d3-interpolate": "*",
        "@types/d3-path": "*",
        "@types/d3-polygon": "*",
        "@types/d3-quadtree": "*",
        "@types/d3-random": "*",
        "@types/d3-scale": "*",
        "@types/d3-scale-chromatic": "*",
        "@types/d3-selection": "*",
        "@types/d3-shape": "*",
        "@types/d3-time": "*",
        "@types/d3-time-format": "*",
        "@types/d3-timer": "*",
        "@types/d3-transition": "*",
        "@types/d3-voronoi": "*",
        "@types/d3-zoom": "*"
      }
    },
    "@types/d3-array": {
      "version": "1.2.7",
      "resolved": "https://registry.npm.taobao.org/@types/d3-array/download/@types/d3-array-1.2.7.tgz",
      "integrity": "sha1-NNxlTTT8BYxBwx28oe1oBxqPzBc="
    },
    "@types/d3-axis": {
      "version": "1.0.12",
      "resolved": "https://registry.npm.taobao.org/@types/d3-axis/download/@types/d3-axis-1.0.12.tgz",
      "integrity": "sha1-jBJO38wC87OpzaoqKLiiA0FAF5k=",
      "requires": {
        "@types/d3-selection": "*"
      }
    },
    "@types/d3-brush": {
      "version": "1.0.10",
      "resolved": "https://registry.npm.taobao.org/@types/d3-brush/download/@types/d3-brush-1.0.10.tgz",
      "integrity": "sha1-qptVRdgWwp0Zz/IBGPI2cTr46fs=",
      "requires": {
        "@types/d3-selection": "*"
      }
    },
    "@types/d3-chord": {
      "version": "1.0.9",
      "resolved": "https://registry.npm.taobao.org/@types/d3-chord/download/@types/d3-chord-1.0.9.tgz",
      "integrity": "sha1-zMXeA/8HkCVJG3qmt1BnChQLRa4="
    },
    "@types/d3-collection": {
      "version": "1.0.8",
      "resolved": "https://registry.npm.taobao.org/@types/d3-collection/download/@types/d3-collection-1.0.8.tgz",
      "integrity": "sha1-qpVSxXCpbjPBMuD9IOMx9kuqndU="
    },
    "@types/d3-color": {
      "version": "1.2.2",
      "resolved": "https://registry.npm.taobao.org/@types/d3-color/download/@types/d3-color-1.2.2.tgz",
      "integrity": "sha1-gM98//dAFYe4+JMHujb+Sldrx88="
    },
    "@types/d3-contour": {
      "version": "1.3.0",
      "resolved": "https://registry.npm.taobao.org/@types/d3-contour/download/@types/d3-contour-1.3.0.tgz",
      "integrity": "sha1-GkCLEh+l40H3FeMFUwPvMHn8frA=",
      "requires": {
        "@types/d3-array": "*",
        "@types/geojson": "*"
      }
    },
    "@types/d3-dispatch": {
      "version": "1.0.7",
      "resolved": "https://registry.npm.taobao.org/@types/d3-dispatch/download/@types/d3-dispatch-1.0.7.tgz",
      "integrity": "sha1-ZyGu+7mGLOeMIKh6FJDCH1fD7X8="
    },
    "@types/d3-drag": {
      "version": "1.2.3",
      "resolved": "https://registry.npm.taobao.org/@types/d3-drag/download/@types/d3-drag-1.2.3.tgz",
      "integrity": "sha1-2N3MyijpOenGib6m9AqTfkjDkFE=",
      "requires": {
        "@types/d3-selection": "*"
      }
    },
    "@types/d3-dsv": {
      "version": "1.0.36",
      "resolved": "https://registry.npm.taobao.org/@types/d3-dsv/download/@types/d3-dsv-1.0.36.tgz",
      "integrity": "sha1-6REp18ArG4FIONAB6SHouaZxU9A="
    },
    "@types/d3-ease": {
      "version": "1.0.9",
      "resolved": "https://registry.npm.taobao.org/@types/d3-ease/download/@types/d3-ease-1.0.9.tgz",
      "integrity": "sha1-HdhJvX7e9kJukV4iDtmXDbXqTgQ="
    },
    "@types/d3-fetch": {
      "version": "1.1.5",
      "resolved": "https://registry.npm.taobao.org/@types/d3-fetch/download/@types/d3-fetch-1.1.5.tgz",
      "integrity": "sha1-UWAfed1GU7XYTmoxdteBReBl214=",
      "requires": {
        "@types/d3-dsv": "*"
      }
    },
    "@types/d3-force": {
      "version": "1.2.1",
      "resolved": "https://registry.npm.taobao.org/@types/d3-force/download/@types/d3-force-1.2.1.tgz",
      "integrity": "sha1-wogD6jb+KXiNtp76CtbC3AlUToM="
    },
    "@types/d3-format": {
      "version": "1.3.1",
      "resolved": "https://registry.npm.taobao.org/@types/d3-format/download/@types/d3-format-1.3.1.tgz",
      "integrity": "sha1-Nb+IJkvWvNo5JRFlu4J/Z4ecQ4Q="
    },
    "@types/d3-geo": {
      "version": "1.11.1",
      "resolved": "https://registry.npm.taobao.org/@types/d3-geo/download/@types/d3-geo-1.11.1.tgz",
      "integrity": "sha1-6W7JHxYiHYdQf+xmssyIn1LSST4=",
      "requires": {
        "@types/geojson": "*"
      }
    },
    "@types/d3-hierarchy": {
      "version": "1.1.6",
      "resolved": "https://registry.npm.taobao.org/@types/d3-hierarchy/download/@types/d3-hierarchy-1.1.6.tgz",
      "integrity": "sha1-TAF1IZAIE+pSTJ7LjXmF7CaprZo="
    },
    "@types/d3-interpolate": {
      "version": "1.3.1",
      "resolved": "https://registry.npm.taobao.org/@types/d3-interpolate/download/@types/d3-interpolate-1.3.1.tgz",
      "integrity": "sha1-HCgFEfYi3psLR9Rj+lX5pP1vX8g=",
      "requires": {
        "@types/d3-color": "*"
      }
    },
    "@types/d3-path": {
      "version": "1.0.8",
      "resolved": "https://registry.npm.taobao.org/@types/d3-path/download/@types/d3-path-1.0.8.tgz",
      "integrity": "sha1-SOaUWo/0PuChzoXIz6IzfehcfHk="
    },
    "@types/d3-polygon": {
      "version": "1.0.7",
      "resolved": "https://registry.npm.taobao.org/@types/d3-polygon/download/@types/d3-polygon-1.0.7.tgz",
      "integrity": "sha1-ezlHqi1IKH/1NSMNPTlmaKsXv98="
    },
    "@types/d3-quadtree": {
      "version": "1.0.7",
      "resolved": "https://registry.npm.taobao.org/@types/d3-quadtree/download/@types/d3-quadtree-1.0.7.tgz",
      "integrity": "sha1-jilGT/WzJvZhLBQo2TYrSzXeK3A="
    },
    "@types/d3-random": {
      "version": "1.1.2",
      "resolved": "https://registry.npm.taobao.org/@types/d3-random/download/@types/d3-random-1.1.2.tgz",
      "integrity": "sha1-b3fot7tkrDk/ktM/6PcQOLxPPN4="
    },
    "@types/d3-scale": {
      "version": "2.1.1",
      "resolved": "https://registry.npm.taobao.org/@types/d3-scale/download/@types/d3-scale-2.1.1.tgz",
      "integrity": "sha1-QF5Ydx7GrnuPe0F47hiHYgdZ6Pc=",
      "requires": {
        "@types/d3-time": "*"
      }
    },
    "@types/d3-scale-chromatic": {
      "version": "1.3.1",
      "resolved": "https://registry.npm.taobao.org/@types/d3-scale-chromatic/download/@types/d3-scale-chromatic-1.3.1.tgz",
      "integrity": "sha1-opSuaIY0Anhw8DB7+IAvhjqi3bM="
    },
    "@types/d3-selection": {
      "version": "1.4.1",
      "resolved": "https://registry.npm.taobao.org/@types/d3-selection/download/@types/d3-selection-1.4.1.tgz",
      "integrity": "sha1-+h+HEKa118/lxsqmHRYb58rkoCI="
    },
    "@types/d3-shape": {
      "version": "1.3.2",
      "resolved": "https://registry.npm.taobao.org/@types/d3-shape/download/@types/d3-shape-1.3.2.tgz",
      "integrity": "sha1-pB2daxDQLiIWlrJAyvC10PWliOw=",
      "requires": {
        "@types/d3-path": "*"
      }
    },
    "@types/d3-time": {
      "version": "1.0.10",
      "resolved": "https://registry.npm.taobao.org/@types/d3-time/download/@types/d3-time-1.0.10.tgz",
      "integrity": "sha1-0zjH/qyTqYoyqsh10RAPkse2H08="
    },
    "@types/d3-time-format": {
      "version": "2.1.1",
      "resolved": "https://registry.npm.taobao.org/@types/d3-time-format/download/@types/d3-time-format-2.1.1.tgz",
      "integrity": "sha1-3Sx57EV18TVUhKtrEEB4JGaOukI="
    },
    "@types/d3-timer": {
      "version": "1.0.9",
      "resolved": "https://registry.npm.taobao.org/@types/d3-timer/download/@types/d3-timer-1.0.9.tgz",
      "integrity": "sha1-rtG94M8Ykg0z9dRIOdc945NjP9M="
    },
    "@types/d3-transition": {
      "version": "1.1.5",
      "resolved": "https://registry.npm.taobao.org/@types/d3-transition/download/@types/d3-transition-1.1.5.tgz",
      "integrity": "sha1-t1uHFmSkXOfIYuM3oWvRxCzBSFc=",
      "requires": {
        "@types/d3-selection": "*"
      }
    },
    "@types/d3-voronoi": {
      "version": "1.1.9",
      "resolved": "https://registry.npm.taobao.org/@types/d3-voronoi/download/@types/d3-voronoi-1.1.9.tgz",
      "integrity": "sha1-e7whCBijpcXguvsFFCDfIGYXyeU="
    },
    "@types/d3-zoom": {
      "version": "1.7.4",
      "resolved": "https://registry.npm.taobao.org/@types/d3-zoom/download/@types/d3-zoom-1.7.4.tgz",
      "integrity": "sha1-kib/0r04RuwOSk4r/yEWEtOq+tU=",
      "requires": {
        "@types/d3-interpolate": "*",
        "@types/d3-selection": "*"
      }
    },
    "@types/geojson": {
      "version": "7946.0.7",
      "resolved": "https://registry.npm.taobao.org/@types/geojson/download/@types/geojson-7946.0.7.tgz",
      "integrity": "sha1-yPpTK2CgBCIZzfFzyiGpde8GZq0="
    },
    "@types/jquery": {
      "version": "3.3.31",
      "resolved": "https://registry.npm.taobao.org/@types/jquery/download/@types/jquery-3.3.31.tgz",
      "integrity": "sha1-J8cG5L9IhHThy1SnHYMD83yTRRs=",
      "requires": {
        "@types/sizzle": "*"
      }
    },
    "@types/sizzle": {
      "version": "2.3.2",
      "resolved": "https://registry.npm.taobao.org/@types/sizzle/download/@types/sizzle-2.3.2.tgz",
      "integrity": "sha1-qBG4wY4rq6t9VCszZYh64uTZ3kc="
    },
    "d3-color": {
      "version": "1.4.0",
      "resolved": "https://registry.npm.taobao.org/d3-color/download/d3-color-1.4.0.tgz",
      "integrity": "sha1-icRamV7Xc7EzFPBkYN8m1gug7K8="
    },
    "d3-interpolate": {
      "version": "1.4.0",
      "resolved": "https://registry.npm.taobao.org/d3-interpolate/download/d3-interpolate-1.4.0.tgz",
      "integrity": "sha1-Um554tgNqjg/ngwcHH3MDwWD6Yc=",
      "requires": {
        "d3-color": "1"
      }
    },
    "d3-scale-chromatic": {
      "version": "1.5.0",
      "resolved": "https://registry.npm.taobao.org/d3-scale-chromatic/download/d3-scale-chromatic-1.5.0.tgz",
      "integrity": "sha1-VOMz/HghL0ObFGQftVgB3YETWpg=",
      "requires": {
        "d3-color": "1",
        "d3-interpolate": "1"
      }
    }
  }
}
