{
  "name": "temp_test",
  "version": "1.0.0",
  "lockfileVersion": 1,
  "requires": true,
  "dependencies": {
    "@types/d3": {
      "version": "5.7.2",
      "resolved": "https://registry.npm.taobao.org/@types/d3/download/@types/d3-5.7.2.tgz",
      "integrity": "sha1-UiNetxodPKFx1tylKlj1zL4CVMw=",
      "dev": true,
      "requires": {
        "@types/d3-array": "^1",
        "@types/d3-axis": "*",
        "@types/d3-brush": "*",
        "@types/d3-chord": "*",
        "@types/d3-collection": "*",
        "@types/d3-color": "*",
        "@types/d3-contour": "*",
        "@types/d3-dispatch": "*",
        "@types/d3-drag": "*",
        "@types/d3-dsv": "*",
        "@types/d3-ease": "*",
        "@types/d3-fetch": "*",
        "@types/d3-force": "*",
        "@types/d3-format": "*",
        "@types/d3-geo": "*",
        "@types/d3-hierarchy": "*",
        "@types/d3-interpolate": "*",
        "@types/d3-path": "*",
        "@types/d3-polygon": "*",
        "@types/d3-quadtree": "*",
        "@types/d3-random": "*",
        "@types/d3-scale": "*",
        "@types/d3-scale-chromatic": "*",
        "@types/d3-selection": "*",
        "@types/d3-shape": "*",
        "@types/d3-time": "*",
        "@types/d3-time-format": "*",
        "@types/d3-timer": "*",
        "@types/d3-transition": "*",
        "@types/d3-voronoi": "*",
        "@types/d3-zoom": "*"
      }
    },
    "@types/d3-array": {
      "version": "1.2.7",
      "resolved": "https://registry.npm.taobao.org/@types/d3-array/download/@types/d3-array-1.2.7.tgz",
      "integrity": "sha1-NNxlTTT8BYxBwx28oe1oBxqPzBc=",
      "dev": true
    },
    "@types/d3-axis": {
      "version": "1.0.12",
      "resolved": "https://registry.npm.taobao.org/@types/d3-axis/download/@types/d3-axis-1.0.12.tgz",
      "integrity": "sha1-jBJO38wC87OpzaoqKLiiA0FAF5k=",
      "dev": true,
      "requires": {
        "@types/d3-selection": "*"
      }
    },
    "@types/d3-brush": {
      "version": "1.0.10",
      "resolved": "https://registry.npm.taobao.org/@types/d3-brush/download/@types/d3-brush-1.0.10.tgz",
      "integrity": "sha1-qptVRdgWwp0Zz/IBGPI2cTr46fs=",
      "dev": true,
      "requires": {
        "@types/d3-selection": "*"
      }
    },
    "@types/d3-chord": {
      "version": "1.0.9",
      "resolved": "https://registry.npm.taobao.org/@types/d3-chord/download/@types/d3-chord-1.0.9.tgz",
      "integrity": "sha1-zMXeA/8HkCVJG3qmt1BnChQLRa4=",
      "dev": true
    },
    "@types/d3-collection": {
      "version": "1.0.8",
      "resolved": "https://registry.npm.taobao.org/@types/d3-collection/download/@types/d3-collection-1.0.8.tgz",
      "integrity": "sha1-qpVSxXCpbjPBMuD9IOMx9kuqndU=",
      "dev": true
    },
    "@types/d3-color": {
      "version": "1.2.2",
      "resolved": "https://registry.npm.taobao.org/@types/d3-color/download/@types/d3-color-1.2.2.tgz",
      "integrity": "sha1-gM98//dAFYe4+JMHujb+Sldrx88=",
      "dev": true
    },
    "@types/d3-contour": {
      "version": "1.3.0",
      "resolved": "https://registry.npm.taobao.org/@types/d3-contour/download/@types/d3-contour-1.3.0.tgz",
      "integrity": "sha1-GkCLEh+l40H3FeMFUwPvMHn8frA=",
      "dev": true,
      "requires": {
        "@types/d3-array": "*",
        "@types/geojson": "*"
      }
    },
    "@types/d3-dispatch": {
      "version": "1.0.7",
      "resolved": "https://registry.npm.taobao.org/@types/d3-dispatch/download/@types/d3-dispatch-1.0.7.tgz",
      "integrity": "sha1-ZyGu+7mGLOeMIKh6FJDCH1fD7X8=",
      "dev": true
    },
    "@types/d3-drag": {
      "version": "1.2.3",
      "resolved": "https://registry.npm.taobao.org/@types/d3-drag/download/@types/d3-drag-1.2.3.tgz",
      "integrity": "sha1-2N3MyijpOenGib6m9AqTfkjDkFE=",
      "dev": true,
      "requires": {
        "@types/d3-selection": "*"
      }
    },
    "@types/d3-dsv": {
      "version": "1.0.36",
      "resolved": "https://registry.npm.taobao.org/@types/d3-dsv/download/@types/d3-dsv-1.0.36.tgz",
      "integrity": "sha1-6REp18ArG4FIONAB6SHouaZxU9A=",
      "dev": true
    },
    "@types/d3-ease": {
      "version": "1.0.9",
      "resolved": "https://registry.npm.taobao.org/@types/d3-ease/download/@types/d3-ease-1.0.9.tgz",
      "integrity": "sha1-HdhJvX7e9kJukV4iDtmXDbXqTgQ=",
      "dev": true
    },
    "@types/d3-fetch": {
      "version": "1.1.5",
      "resolved": "https://registry.npm.taobao.org/@types/d3-fetch/download/@types/d3-fetch-1.1.5.tgz",
      "integrity": "sha1-UWAfed1GU7XYTmoxdteBReBl214=",
      "dev": true,
      "requires": {
        "@types/d3-dsv": "*"
      }
    },
    "@types/d3-force": {
      "version": "1.2.1",
      "resolved": "https://registry.npm.taobao.org/@types/d3-force/download/@types/d3-force-1.2.1.tgz",
      "integrity": "sha1-wogD6jb+KXiNtp76CtbC3AlUToM=",
      "dev": true
    },
    "@types/d3-format": {
      "version": "1.3.1",
      "resolved": "https://registry.npm.taobao.org/@types/d3-format/download/@types/d3-format-1.3.1.tgz",
      "integrity": "sha1-Nb+IJkvWvNo5JRFlu4J/Z4ecQ4Q=",
      "dev": true
    },
    "@types/d3-geo": {
      "version": "1.11.1",
      "resolved": "https://registry.npm.taobao.org/@types/d3-geo/download/@types/d3-geo-1.11.1.tgz",
      "integrity": "sha1-6W7JHxYiHYdQf+xmssyIn1LSST4=",
      "dev": true,
      "requires": {
        "@types/geojson": "*"
      }
    },
    "@types/d3-hierarchy": {
      "version": "1.1.6",
      "resolved": "https://registry.npm.taobao.org/@types/d3-hierarchy/download/@types/d3-hierarchy-1.1.6.tgz",
      "integrity": "sha1-TAF1IZAIE+pSTJ7LjXmF7CaprZo=",
      "dev": true
    },
    "@types/d3-interpolate": {
      "version": "1.3.1",
      "resolved": "https://registry.npm.taobao.org/@types/d3-interpolate/download/@types/d3-interpolate-1.3.1.tgz",
      "integrity": "sha1-HCgFEfYi3psLR9Rj+lX5pP1vX8g=",
      "dev": true,
      "requires": {
        "@types/d3-color": "*"
      }
    },
    "@types/d3-path": {
      "version": "1.0.8",
      "resolved": "https://registry.npm.taobao.org/@types/d3-path/download/@types/d3-path-1.0.8.tgz",
      "integrity": "sha1-SOaUWo/0PuChzoXIz6IzfehcfHk=",
      "dev": true
    },
    "@types/d3-polygon": {
      "version": "1.0.7",
      "resolved": "https://registry.npm.taobao.org/@types/d3-polygon/download/@types/d3-polygon-1.0.7.tgz",
      "integrity": "sha1-ezlHqi1IKH/1NSMNPTlmaKsXv98=",
      "dev": true
    },
    "@types/d3-quadtree": {
      "version": "1.0.7",
      "resolved": "https://registry.npm.taobao.org/@types/d3-quadtree/download/@types/d3-quadtree-1.0.7.tgz",
      "integrity": "sha1-jilGT/WzJvZhLBQo2TYrSzXeK3A=",
      "dev": true
    },
    "@types/d3-random": {
      "version": "1.1.2",
      "resolved": "https://registry.npm.taobao.org/@types/d3-random/download/@types/d3-random-1.1.2.tgz",
      "integrity": "sha1-b3fot7tkrDk/ktM/6PcQOLxPPN4=",
      "dev": true
    },
    "@types/d3-scale": {
      "version": "2.1.1",
      "resolved": "https://registry.npm.taobao.org/@types/d3-scale/download/@types/d3-scale-2.1.1.tgz",
      "integrity": "sha1-QF5Ydx7GrnuPe0F47hiHYgdZ6Pc=",
      "dev": true,
      "requires": {
        "@types/d3-time": "*"
      }
    },
    "@types/d3-scale-chromatic": {
      "version": "1.3.1",
      "resolved": "https://registry.npm.taobao.org/@types/d3-scale-chromatic/download/@types/d3-scale-chromatic-1.3.1.tgz",
      "integrity": "sha1-opSuaIY0Anhw8DB7+IAvhjqi3bM=",
      "dev": true
    },
    "@types/d3-selection": {
      "version": "1.4.1",
      "resolved": "https://registry.npm.taobao.org/@types/d3-selection/download/@types/d3-selection-1.4.1.tgz",
      "integrity": "sha1-+h+HEKa118/lxsqmHRYb58rkoCI=",
      "dev": true
    },
    "@types/d3-shape": {
      "version": "1.3.2",
      "resolved": "https://registry.npm.taobao.org/@types/d3-shape/download/@types/d3-shape-1.3.2.tgz",
      "integrity": "sha1-pB2daxDQLiIWlrJAyvC10PWliOw=",
      "dev": true,
      "requires": {
        "@types/d3-path": "*"
      }
    },
    "@types/d3-time": {
      "version": "1.0.10",
      "resolved": "https://registry.npm.taobao.org/@types/d3-time/download/@types/d3-time-1.0.10.tgz",
      "integrity": "sha1-0zjH/qyTqYoyqsh10RAPkse2H08=",
      "dev": true
    },
    "@types/d3-time-format": {
      "version": "2.1.1",
      "resolved": "https://registry.npm.taobao.org/@types/d3-time-format/download/@types/d3-time-format-2.1.1.tgz",
      "integrity": "sha1-3Sx57EV18TVUhKtrEEB4JGaOukI=",
      "dev": true
    },
    "@types/d3-timer": {
      "version": "1.0.9",
      "resolved": "https://registry.npm.taobao.org/@types/d3-timer/download/@types/d3-timer-1.0.9.tgz",
      "integrity": "sha1-rtG94M8Ykg0z9dRIOdc945NjP9M=",
      "dev": true
    },
    "@types/d3-transition": {
      "version": "1.1.6",
      "resolved": "https://registry.npm.taobao.org/@types/d3-transition/download/@types/d3-transition-1.1.6.tgz",
      "integrity": "sha1-flLaKXSdh0hmzIA/rROSVxOjcto=",
      "dev": true,
      "requires": {
        "@types/d3-selection": "*"
      }
    },
    "@types/d3-voronoi": {
      "version": "1.1.9",
      "resolved": "https://registry.npm.taobao.org/@types/d3-voronoi/download/@types/d3-voronoi-1.1.9.tgz",
      "integrity": "sha1-e7whCBijpcXguvsFFCDfIGYXyeU=",
      "dev": true
    },
    "@types/d3-zoom": {
      "version": "1.7.4",
      "resolved": "https://registry.npm.taobao.org/@types/d3-zoom/download/@types/d3-zoom-1.7.4.tgz",
      "integrity": "sha1-kib/0r04RuwOSk4r/yEWEtOq+tU=",
      "dev": true,
      "requires": {
        "@types/d3-interpolate": "*",
        "@types/d3-selection": "*"
      }
    },
    "@types/geojson": {
      "version": "7946.0.7",
      "resolved": "https://registry.npm.taobao.org/@types/geojson/download/@types/geojson-7946.0.7.tgz",
      "integrity": "sha1-yPpTK2CgBCIZzfFzyiGpde8GZq0=",
      "dev": true
    },
    "ansi-styles": {
      "version": "3.2.1",
      "resolved": "https://registry.npm.taobao.org/ansi-styles/download/ansi-styles-3.2.1.tgz",
      "integrity": "sha1-QfuyAkPlCxK+DwS43tvwdSDOhB0=",
      "dev": true,
      "requires": {
        "color-convert": "^1.9.0"
      }
    },
    "big.js": {
      "version": "5.2.2",
      "resolved": "https://registry.npm.taobao.org/big.js/download/big.js-5.2.2.tgz",
      "integrity": "sha1-ZfCvOC9Xi83HQr2cKB6cstd2gyg=",
      "dev": true
    },
    "braces": {
      "version": "3.0.2",
      "resolved": "https://registry.npm.taobao.org/braces/download/braces-3.0.2.tgz",
      "integrity": "sha1-NFThpGLujVmeI23zNs2epPiv4Qc=",
      "dev": true,
      "requires": {
        "fill-range": "^7.0.1"
      }
    },
    "chalk": {
      "version": "2.4.2",
      "resolved": "https://registry.npm.taobao.org/chalk/download/chalk-2.4.2.tgz?cache=0&sync_timestamp=1573282918610&other_urls=https%3A%2F%2Fregistry.npm.taobao.org%2Fchalk%2Fdownload%2Fchalk-2.4.2.tgz",
      "integrity": "sha1-zUJUFnelQzPPVBpJEIwUMrRMlCQ=",
      "dev": true,
      "requires": {
        "ansi-styles": "^3.2.1",
        "escape-string-regexp": "^1.0.5",
        "supports-color": "^5.3.0"
      }
    },
    "color-convert": {
      "version": "1.9.3",
      "resolved": "https://registry.npm.taobao.org/color-convert/download/color-convert-1.9.3.tgz",
      "integrity": "sha1-u3GFBpDh8TZWfeYp0tVHHe2kweg=",
      "dev": true,
      "requires": {
        "color-name": "1.1.3"
      }
    },
    "color-name": {
      "version": "1.1.3",
      "resolved": "https://registry.npm.taobao.org/color-name/download/color-name-1.1.3.tgz",
      "integrity": "sha1-p9BVi9icQveV3UIyj3QIMcpTvCU=",
      "dev": true
    },
    "commander": {
      "version": "2.20.3",
      "resolved": "https://registry.npm.taobao.org/commander/download/commander-2.20.3.tgz?cache=0&sync_timestamp=1581443110566&other_urls=https%3A%2F%2Fregistry.npm.taobao.org%2Fcommander%2Fdownload%2Fcommander-2.20.3.tgz",
      "integrity": "sha1-/UhehMA+tIgcIHIrpIA16FMa6zM=",
      "dev": true
    },
    "core-util-is": {
      "version": "1.0.2",
      "resolved": "https://registry.npm.taobao.org/core-util-is/download/core-util-is-1.0.2.tgz",
      "integrity": "sha1-tf1UIgqivFq1eqtxQMlAdUUDwac=",
      "dev": true
    },
    "d3": {
      "version": "5.15.0",
      "resolved": "https://registry.npm.taobao.org/d3/download/d3-5.15.0.tgz?cache=0&sync_timestamp=1577638401191&other_urls=https%3A%2F%2Fregistry.npm.taobao.org%2Fd3%2Fdownload%2Fd3-5.15.0.tgz",
      "integrity": "sha1-/9RJWOajy4pZqEQpxFQpuLylZ3o=",
      "dev": true,
      "requires": {
        "d3-array": "1",
        "d3-axis": "1",
        "d3-brush": "1",
        "d3-chord": "1",
        "d3-collection": "1",
        "d3-color": "1",
        "d3-contour": "1",
        "d3-dispatch": "1",
        "d3-drag": "1",
        "d3-dsv": "1",
        "d3-ease": "1",
        "d3-fetch": "1",
        "d3-force": "1",
        "d3-format": "1",
        "d3-geo": "1",
        "d3-hierarchy": "1",
        "d3-interpolate": "1",
        "d3-path": "1",
        "d3-polygon": "1",
        "d3-quadtree": "1",
        "d3-random": "1",
        "d3-scale": "2",
        "d3-scale-chromatic": "1",
        "d3-selection": "1",
        "d3-shape": "1",
        "d3-time": "1",
        "d3-time-format": "2",
        "d3-timer": "1",
        "d3-transition": "1",
        "d3-voronoi": "1",
        "d3-zoom": "1"
      }
    },
    "d3-array": {
      "version": "1.2.4",
      "resolved": "https://registry.npm.taobao.org/d3-array/download/d3-array-1.2.4.tgz",
      "integrity": "sha1-Y1zk1e6nWfb2BYY9vPww7cc39x8=",
      "dev": true
    },
    "d3-axis": {
      "version": "1.0.12",
      "resolved": "https://registry.npm.taobao.org/d3-axis/download/d3-axis-1.0.12.tgz",
      "integrity": "sha1-zfILohDPu0N5WvM3Vohvs2ONqsk=",
      "dev": true
    },
    "d3-brush": {
      "version": "1.1.5",
      "resolved": "https://registry.npm.taobao.org/d3-brush/download/d3-brush-1.1.5.tgz",
      "integrity": "sha1-BmuOhNF7GSmGAwRGyXwPun4brNw=",
      "dev": true,
      "requires": {
        "d3-dispatch": "1",
        "d3-drag": "1",
        "d3-interpolate": "1",
        "d3-selection": "1",
        "d3-transition": "1"
      }
    },
    "d3-chord": {
      "version": "1.0.6",
      "resolved": "https://registry.npm.taobao.org/d3-chord/download/d3-chord-1.0.6.tgz",
      "integrity": "sha1-MJFX4/LbLHUvAoD+3TXyBnzLsV8=",
      "dev": true,
      "requires": {
        "d3-array": "1",
        "d3-path": "1"
      }
    },
    "d3-collection": {
      "version": "1.0.7",
      "resolved": "https://registry.npm.taobao.org/d3-collection/download/d3-collection-1.0.7.tgz",
      "integrity": "sha1-NJvSqpl32wcQkcExRNXk8WtbMQ4=",
      "dev": true
    },
    "d3-color": {
      "version": "1.4.0",
      "resolved": "https://registry.npm.taobao.org/d3-color/download/d3-color-1.4.0.tgz",
      "integrity": "sha1-icRamV7Xc7EzFPBkYN8m1gug7K8=",
      "dev": true
    },
    "d3-contour": {
      "version": "1.3.2",
      "resolved": "https://registry.npm.taobao.org/d3-contour/download/d3-contour-1.3.2.tgz",
      "integrity": "sha1-ZSqs1QDSJkyzQjzuENtp9vWb6tM=",
      "dev": true,
      "requires": {
        "d3-array": "^1.1.1"
      }
    },
    "d3-dispatch": {
      "version": "1.0.6",
      "resolved": "https://registry.npm.taobao.org/d3-dispatch/download/d3-dispatch-1.0.6.tgz?cache=0&other_urls=https%3A%2F%2Fregistry.npm.taobao.org%2Fd3-dispatch%2Fdownload%2Fd3-dispatch-1.0.6.tgz",
      "integrity": "sha1-ANN7zuTdjNl3Kd2JOgrCnKq6XVg=",
      "dev": true
    },
    "d3-drag": {
      "version": "1.2.5",
      "resolved": "https://registry.npm.taobao.org/d3-drag/download/d3-drag-1.2.5.tgz",
      "integrity": "sha1-JTf0UazTnTFAZne33HfIL32Yj3A=",
      "dev": true,
      "requires": {
        "d3-dispatch": "1",
        "d3-selection": "1"
      }
    },
    "d3-dsv": {
      "version": "1.2.0",
      "resolved": "https://registry.npm.taobao.org/d3-dsv/download/d3-dsv-1.2.0.tgz",
      "integrity": "sha1-nV91w6X4q9YR900/WEew1DOLiFw=",
      "dev": true,
      "requires": {
        "commander": "2",
        "iconv-lite": "0.4",
        "rw": "1"
      }
    },
    "d3-ease": {
      "version": "1.0.6",
      "resolved": "https://registry.npm.taobao.org/d3-ease/download/d3-ease-1.0.6.tgz",
      "integrity": "sha1-69ttoi36wKIiIvLU2gb2bEFqDsA=",
      "dev": true
    },
    "d3-fetch": {
      "version": "1.1.2",
      "resolved": "https://registry.npm.taobao.org/d3-fetch/download/d3-fetch-1.1.2.tgz",
      "integrity": "sha1-lXyPvG1EgFmboZGxslGL+Gs+G+I=",
      "dev": true,
      "requires": {
        "d3-dsv": "1"
      }
    },
    "d3-force": {
      "version": "1.2.1",
      "resolved": "https://registry.npm.taobao.org/d3-force/download/d3-force-1.2.1.tgz",
      "integrity": "sha1-/Sml0f8YHJ5/BmnkvXK9sOkU7As=",
      "dev": true,
      "requires": {
        "d3-collection": "1",
        "d3-dispatch": "1",
        "d3-quadtree": "1",
        "d3-timer": "1"
      }
    },
    "d3-format": {
      "version": "1.4.3",
      "resolved": "https://registry.npm.taobao.org/d3-format/download/d3-format-1.4.3.tgz?cache=0&sync_timestamp=1577638399481&other_urls=https%3A%2F%2Fregistry.npm.taobao.org%2Fd3-format%2Fdownload%2Fd3-format-1.4.3.tgz",
      "integrity": "sha1-To603/P9y4kahInsbmmGAcQblvE=",
      "dev": true
    },
    "d3-geo": {
      "version": "1.11.9",
      "resolved": "https://registry.npm.taobao.org/d3-geo/download/d3-geo-1.11.9.tgz?cache=0&sync_timestamp=1573929664411&other_urls=https%3A%2F%2Fregistry.npm.taobao.org%2Fd3-geo%2Fdownload%2Fd3-geo-1.11.9.tgz",
      "integrity": "sha1-d+rtFLpi/CwK71XNKUOEnIZveuY=",
      "dev": true,
      "requires": {
        "d3-array": "1"
      }
    },
    "d3-hierarchy": {
      "version": "1.1.9",
      "resolved": "https://registry.npm.taobao.org/d3-hierarchy/download/d3-hierarchy-1.1.9.tgz",
      "integrity": "sha1-L2vuJMqupD+Nw3VF+gFihVlkeoM=",
      "dev": true
    },
    "d3-interpolate": {
      "version": "1.4.0",
      "resolved": "https://registry.npm.taobao.org/d3-interpolate/download/d3-interpolate-1.4.0.tgz",
      "integrity": "sha1-Um554tgNqjg/ngwcHH3MDwWD6Yc=",
      "dev": true,
      "requires": {
        "d3-color": "1"
      }
    },
    "d3-path": {
      "version": "1.0.9",
      "resolved": "https://registry.npm.taobao.org/d3-path/download/d3-path-1.0.9.tgz?cache=0&sync_timestamp=1573930859389&other_urls=https%3A%2F%2Fregistry.npm.taobao.org%2Fd3-path%2Fdownload%2Fd3-path-1.0.9.tgz",
      "integrity": "sha1-SMBQux/owmJJOoyvVSTj6VkXAc8=",
      "dev": true
    },
    "d3-polygon": {
      "version": "1.0.6",
      "resolved": "https://registry.npm.taobao.org/d3-polygon/download/d3-polygon-1.0.6.tgz",
      "integrity": "sha1-C/jLgYCm3BB/UY3feXXhKrv7044=",
      "dev": true
    },
    "d3-quadtree": {
      "version": "1.0.7",
      "resolved": "https://registry.npm.taobao.org/d3-quadtree/download/d3-quadtree-1.0.7.tgz",
      "integrity": "sha1-youE33u1N2P+PC8kvUNRN/TlMTU=",
      "dev": true
    },
    "d3-random": {
      "version": "1.1.2",
      "resolved": "https://registry.npm.taobao.org/d3-random/download/d3-random-1.1.2.tgz?cache=0&sync_timestamp=1573938296388&other_urls=https%3A%2F%2Fregistry.npm.taobao.org%2Fd3-random%2Fdownload%2Fd3-random-1.1.2.tgz",
      "integrity": "sha1-KDO+fBJDYL+eLT/U8zhHz+bKspE=",
      "dev": true
    },
    "d3-scale": {
      "version": "2.2.2",
      "resolved": "https://registry.npm.taobao.org/d3-scale/download/d3-scale-2.2.2.tgz",
      "integrity": "sha1-TogOCydFrKrd0+3iap6Qip4XuB8=",
      "dev": true,
      "requires": {
        "d3-array": "^1.2.0",
        "d3-collection": "1",
        "d3-format": "1",
        "d3-interpolate": "1",
        "d3-time": "1",
        "d3-time-format": "2"
      }
    },
    "d3-scale-chromatic": {
      "version": "1.5.0",
      "resolved": "https://registry.npm.taobao.org/d3-scale-chromatic/download/d3-scale-chromatic-1.5.0.tgz",
      "integrity": "sha1-VOMz/HghL0ObFGQftVgB3YETWpg=",
      "dev": true,
      "requires": {
        "d3-color": "1",
        "d3-interpolate": "1"
      }
    },
    "d3-selection": {
      "version": "1.4.1",
      "resolved": "https://registry.npm.taobao.org/d3-selection/download/d3-selection-1.4.1.tgz",
      "integrity": "sha1-mO7bvghfvaW6+i+ePzovTX1iKpg=",
      "dev": true
    },
    "d3-shape": {
      "version": "1.3.7",
      "resolved": "https://registry.npm.taobao.org/d3-shape/download/d3-shape-1.3.7.tgz",
      "integrity": "sha1-32OAG+B7yYa8VPY3ibT+UCmStdc=",
      "dev": true,
      "requires": {
        "d3-path": "1"
      }
    },
    "d3-time": {
      "version": "1.1.0",
      "resolved": "https://registry.npm.taobao.org/d3-time/download/d3-time-1.1.0.tgz",
      "integrity": "sha1-seGdMH2unJALflsl/8XcwkmooPE=",
      "dev": true
    },
    "d3-time-format": {
      "version": "2.2.3",
      "resolved": "https://registry.npm.taobao.org/d3-time-format/download/d3-time-format-2.2.3.tgz?cache=0&sync_timestamp=1577638399940&other_urls=https%3A%2F%2Fregistry.npm.taobao.org%2Fd3-time-format%2Fdownload%2Fd3-time-format-2.2.3.tgz",
      "integrity": "sha1-DJoS7ig0KyA35eoc8LnrTddfKcs=",
      "dev": true,
      "requires": {
        "d3-time": "1"
      }
    },
    "d3-timer": {
      "version": "1.0.10",
      "resolved": "https://registry.npm.taobao.org/d3-timer/download/d3-timer-1.0.10.tgz?cache=0&sync_timestamp=1573938297645&other_urls=https%3A%2F%2Fregistry.npm.taobao.org%2Fd3-timer%2Fdownload%2Fd3-timer-1.0.10.tgz",
      "integrity": "sha1-3+dripF0iDGxO22ceT/71QjdneU=",
      "dev": true
    },
    "d3-transition": {
      "version": "1.3.2",
      "resolved": "https://registry.npm.taobao.org/d3-transition/download/d3-transition-1.3.2.tgz",
      "integrity": "sha1-qY7yFRvo2GAFQ0NMHKgBQK4js5g=",
      "dev": true,
      "requires": {
        "d3-color": "1",
        "d3-dispatch": "1",
        "d3-ease": "1",
        "d3-interpolate": "1",
        "d3-selection": "^1.1.0",
        "d3-timer": "1"
      }
    },
    "d3-voronoi": {
      "version": "1.1.4",
      "resolved": "https://registry.npm.taobao.org/d3-voronoi/download/d3-voronoi-1.1.4.tgz",
      "integrity": "sha1-3Tx412U9K7NZKErkeGRdlZRMgpc=",
      "dev": true
    },
    "d3-zoom": {
      "version": "1.8.3",
      "resolved": "https://registry.npm.taobao.org/d3-zoom/download/d3-zoom-1.8.3.tgz",
      "integrity": "sha1-tqPb5zjHdjEhzQW4p3lf/hf0/Ao=",
      "dev": true,
      "requires": {
        "d3-dispatch": "1",
        "d3-drag": "1",
        "d3-interpolate": "1",
        "d3-selection": "1",
        "d3-transition": "1"
      }
    },
    "emojis-list": {
      "version": "2.1.0",
      "resolved": "https://registry.npm.taobao.org/emojis-list/download/emojis-list-2.1.0.tgz",
      "integrity": "sha1-TapNnbAPmBmIDHn6RXrlsJof04k=",
      "dev": true
    },
    "enhanced-resolve": {
      "version": "4.1.1",
      "resolved": "https://registry.npm.taobao.org/enhanced-resolve/download/enhanced-resolve-4.1.1.tgz?cache=0&other_urls=https%3A%2F%2Fregistry.npm.taobao.org%2Fenhanced-resolve%2Fdownload%2Fenhanced-resolve-4.1.1.tgz",
      "integrity": "sha1-KTfiuAZs0P584JkKmPDXGjUYn2Y=",
      "dev": true,
      "requires": {
        "graceful-fs": "^4.1.2",
        "memory-fs": "^0.5.0",
        "tapable": "^1.0.0"
      }
    },
    "errno": {
      "version": "0.1.7",
      "resolved": "https://registry.npm.taobao.org/errno/download/errno-0.1.7.tgz",
      "integrity": "sha1-RoTXF3mtOa8Xfj8AeZb3xnyFJhg=",
      "dev": true,
      "requires": {
        "prr": "~1.0.1"
      }
    },
    "escape-string-regexp": {
      "version": "1.0.5",
      "resolved": "https://registry.npm.taobao.org/escape-string-regexp/download/escape-string-regexp-1.0.5.tgz",
      "integrity": "sha1-G2HAViGQqN/2rjuyzwIAyhMLhtQ=",
      "dev": true
    },
    "fill-range": {
      "version": "7.0.1",
      "resolved": "https://registry.npm.taobao.org/fill-range/download/fill-range-7.0.1.tgz",
      "integrity": "sha1-GRmmp8df44ssfHflGYU12prN2kA=",
      "dev": true,
      "requires": {
        "to-regex-range": "^5.0.1"
      }
    },
    "graceful-fs": {
      "version": "4.2.3",
      "resolved": "https://registry.npm.taobao.org/graceful-fs/download/graceful-fs-4.2.3.tgz",
      "integrity": "sha1-ShL/G2A3bvCYYsIJPt2Qgyi+hCM=",
      "dev": true
    },
    "has-flag": {
      "version": "3.0.0",
      "resolved": "https://registry.npm.taobao.org/has-flag/download/has-flag-3.0.0.tgz",
      "integrity": "sha1-tdRU3CGZriJWmfNGfloH87lVuv0=",
      "dev": true
    },
    "iconv-lite": {
      "version": "0.4.24",
      "resolved": "https://registry.npm.taobao.org/iconv-lite/download/iconv-lite-0.4.24.tgz?cache=0&sync_timestamp=1579333981154&other_urls=https%3A%2F%2Fregistry.npm.taobao.org%2Ficonv-lite%2Fdownload%2Ficonv-lite-0.4.24.tgz",
      "integrity": "sha1-ICK0sl+93CHS9SSXSkdKr+czkIs=",
      "dev": true,
      "requires": {
        "safer-buffer": ">= 2.1.2 < 3"
      }
    },
    "inherits": {
      "version": "2.0.4",
      "resolved": "https://registry.npm.taobao.org/inherits/download/inherits-2.0.4.tgz",
      "integrity": "sha1-D6LGT5MpF8NDOg3tVTY6rjdBa3w=",
      "dev": true
    },
    "is-number": {
      "version": "7.0.0",
      "resolved": "https://registry.npm.taobao.org/is-number/download/is-number-7.0.0.tgz",
      "integrity": "sha1-dTU0W4lnNNX4DE0GxQlVUnoU8Ss=",
      "dev": true
    },
    "isarray": {
      "version": "1.0.0",
      "resolved": "https://registry.npm.taobao.org/isarray/download/isarray-1.0.0.tgz",
      "integrity": "sha1-u5NdSFgsuhaMBoNJV6VKPgcSTxE=",
      "dev": true
    },
    "json5": {
      "version": "1.0.1",
      "resolved": "https://registry.npm.taobao.org/json5/download/json5-1.0.1.tgz?cache=0&other_urls=https%3A%2F%2Fregistry.npm.taobao.org%2Fjson5%2Fdownload%2Fjson5-1.0.1.tgz",
      "integrity": "sha1-d5+wAYYE+oVOrL9iUhgNg1Q+Pb4=",
      "dev": true,
      "requires": {
        "minimist": "^1.2.0"
      }
    },
    "loader-utils": {
      "version": "1.2.3",
      "resolved": "https://registry.npm.taobao.org/loader-utils/download/loader-utils-1.2.3.tgz",
      "integrity": "sha1-H/XcaRHJ8KBiUxpMBLYJQGEIwsc=",
      "dev": true,
      "requires": {
        "big.js": "^5.2.2",
        "emojis-list": "^2.0.0",
        "json5": "^1.0.1"
      }
    },
    "memory-fs": {
      "version": "0.5.0",
      "resolved": "https://registry.npm.taobao.org/memory-fs/download/memory-fs-0.5.0.tgz",
      "integrity": "sha1-MkwBKIuIZSlm0WHbd4OHIIRajjw=",
      "dev": true,
      "requires": {
        "errno": "^0.1.3",
        "readable-stream": "^2.0.1"
      }
    },
    "micromatch": {
      "version": "4.0.2",
      "resolved": "https://registry.npm.taobao.org/micromatch/download/micromatch-4.0.2.tgz",
      "integrity": "sha1-T8sJmb+fvC/L3SEvbWKbmlbDklk=",
      "dev": true,
      "requires": {
        "braces": "^3.0.1",
        "picomatch": "^2.0.5"
      }
    },
    "minimist": {
      "version": "1.2.5",
      "resolved": "https://registry.npmjs.org/minimist/-/minimist-1.2.5.tgz",
      "integrity": "sha512-FM9nNUYrRBAELZQT3xeZQ7fmMOBg6nWNmJKTcgsJeaLstP/UODVpGsr5OhXhhXg6f+qtJ8uiZ+PUxkDWcgIXLw==",
      "dev": true
    },
    "picomatch": {
      "version": "2.2.1",
      "resolved": "https://registry.npm.taobao.org/picomatch/download/picomatch-2.2.1.tgz",
      "integrity": "sha1-IbrIiLbthgH4Mc54FuM1vHefCko=",
      "dev": true
    },
    "process-nextick-args": {
      "version": "2.0.1",
      "resolved": "https://registry.npm.taobao.org/process-nextick-args/download/process-nextick-args-2.0.1.tgz",
      "integrity": "sha1-eCDZsWEgzFXKmud5JoCufbptf+I=",
      "dev": true
    },
    "prr": {
      "version": "1.0.1",
      "resolved": "https://registry.npm.taobao.org/prr/download/prr-1.0.1.tgz",
      "integrity": "sha1-0/wRS6BplaRexok/SEzrHXj19HY=",
      "dev": true
    },
    "readable-stream": {
      "version": "2.3.7",
      "resolved": "https://registry.npm.taobao.org/readable-stream/download/readable-stream-2.3.7.tgz?cache=0&sync_timestamp=1581624324274&other_urls=https%3A%2F%2Fregistry.npm.taobao.org%2Freadable-stream%2Fdownload%2Freadable-stream-2.3.7.tgz",
      "integrity": "sha1-Hsoc9xGu+BTAT2IlKjamL2yyO1c=",
      "dev": true,
      "requires": {
        "core-util-is": "~1.0.0",
        "inherits": "~2.0.3",
        "isarray": "~1.0.0",
        "process-nextick-args": "~2.0.0",
        "safe-buffer": "~5.1.1",
        "string_decoder": "~1.1.1",
        "util-deprecate": "~1.0.1"
      }
    },
    "rw": {
      "version": "1.3.3",
      "resolved": "https://registry.npm.taobao.org/rw/download/rw-1.3.3.tgz",
      "integrity": "sha1-P4Yt+pGrdmsUiF700BEkv9oHT7Q=",
      "dev": true
    },
    "safe-buffer": {
      "version": "5.1.2",
      "resolved": "https://registry.npm.taobao.org/safe-buffer/download/safe-buffer-5.1.2.tgz",
      "integrity": "sha1-mR7GnSluAxN0fVm9/St0XDX4go0=",
      "dev": true
    },
    "safer-buffer": {
      "version": "2.1.2",
      "resolved": "https://registry.npm.taobao.org/safer-buffer/download/safer-buffer-2.1.2.tgz",
      "integrity": "sha1-RPoWGwGHuVSd2Eu5GAL5vYOFzWo=",
      "dev": true
    },
    "semver": {
      "version": "6.3.0",
      "resolved": "https://registry.npm.taobao.org/semver/download/semver-6.3.0.tgz?cache=0&sync_timestamp=1581458063470&other_urls=https%3A%2F%2Fregistry.npm.taobao.org%2Fsemver%2Fdownload%2Fsemver-6.3.0.tgz",
      "integrity": "sha1-7gpkyK9ejO6mdoexM3YeG+y9HT0=",
      "dev": true
    },
    "string_decoder": {
      "version": "1.1.1",
      "resolved": "https://registry.npm.taobao.org/string_decoder/download/string_decoder-1.1.1.tgz",
      "integrity": "sha1-nPFhG6YmhdcDCunkujQUnDrwP8g=",
      "dev": true,
      "requires": {
        "safe-buffer": "~5.1.0"
      }
    },
    "supports-color": {
      "version": "5.5.0",
      "resolved": "https://registry.npm.taobao.org/supports-color/download/supports-color-5.5.0.tgz",
      "integrity": "sha1-4uaaRKyHcveKHsCzW2id9lMO/I8=",
      "dev": true,
      "requires": {
        "has-flag": "^3.0.0"
      }
    },
    "tapable": {
      "version": "1.1.3",
      "resolved": "https://registry.npm.taobao.org/tapable/download/tapable-1.1.3.tgz",
      "integrity": "sha1-ofzMBrWNth/XpF2i2kT186Pme6I=",
      "dev": true
    },
    "to-regex-range": {
      "version": "5.0.1",
      "resolved": "https://registry.npm.taobao.org/to-regex-range/download/to-regex-range-5.0.1.tgz",
      "integrity": "sha1-FkjESq58jZiKMmAY7XL1tN0DkuQ=",
      "dev": true,
      "requires": {
        "is-number": "^7.0.0"
      }
    },
    "ts-loader": {
      "version": "6.2.1",
      "resolved": "https://registry.npm.taobao.org/ts-loader/download/ts-loader-6.2.1.tgz?cache=0&other_urls=https%3A%2F%2Fregistry.npm.taobao.org%2Fts-loader%2Fdownload%2Fts-loader-6.2.1.tgz",
      "integrity": "sha1-Z5OdV3LoqMa9r2J3ygI6SBLaAu8=",
      "dev": true,
      "requires": {
        "chalk": "^2.3.0",
        "enhanced-resolve": "^4.0.0",
        "loader-utils": "^1.0.2",
        "micromatch": "^4.0.0",
        "semver": "^6.0.0"
      }
    },
    "typescript": {
      "version": "3.7.5",
      "resolved": "https://registry.npm.taobao.org/typescript/download/typescript-3.7.5.tgz",
      "integrity": "sha1-BpLiH2X9QQi5MwI4qsEd0uF3oa4=",
      "dev": true
    },
    "util-deprecate": {
      "version": "1.0.2",
      "resolved": "https://registry.npm.taobao.org/util-deprecate/download/util-deprecate-1.0.2.tgz",
      "integrity": "sha1-RQ1Nyfpw3nMnYvvS1KKJgUGaDM8=",
      "dev": true
    }
  }
}
