{
  "name": "temp_test",
  "version": "1.0.0",
  "lockfileVersion": 1,
  "requires": true,
  "dependencies": {
    "@types/d3": {
      "version": "5.7.2",
      "resolved": "https://registry.npm.taobao.org/@types/d3/download/@types/d3-5.7.2.tgz",
      "integrity": "sha1-UiNetxodPKFx1tylKlj1zL4CVMw=",
      "dev": true,
      "requires": {
        "@types/d3-array": "^1",
        "@types/d3-axis": "*",
        "@types/d3-brush": "*",
        "@types/d3-chord": "*",
        "@types/d3-collection": "*",
        "@types/d3-color": "*",
        "@types/d3-contour": "*",
        "@types/d3-dispatch": "*",
        "@types/d3-drag": "*",
        "@types/d3-dsv": "*",
        "@types/d3-ease": "*",
        "@types/d3-fetch": "*",
        "@types/d3-force": "*",
        "@types/d3-format": "*",
        "@types/d3-geo": "*",
        "@types/d3-hierarchy": "*",
        "@types/d3-interpolate": "*",
        "@types/d3-path": "*",
        "@types/d3-polygon": "*",
        "@types/d3-quadtree": "*",
        "@types/d3-random": "*",
        "@types/d3-scale": "*",
        "@types/d3-scale-chromatic": "*",
        "@types/d3-selection": "*",
        "@types/d3-shape": "*",
        "@types/d3-time": "*",
        "@types/d3-time-format": "*",
        "@types/d3-timer": "*",
        "@types/d3-transition": "*",
        "@types/d3-voronoi": "*",
        "@types/d3-zoom": "*"
      }
    },
    "@types/d3-array": {
      "version": "1.2.7",
      "resolved": "https://registry.npm.taobao.org/@types/d3-array/download/@types/d3-array-1.2.7.tgz",
      "integrity": "sha1-NNxlTTT8BYxBwx28oe1oBxqPzBc=",
      "dev": true
    },
    "@types/d3-axis": {
      "version": "1.0.12",
      "resolved": "https://registry.npm.taobao.org/@types/d3-axis/download/@types/d3-axis-1.0.12.tgz",
      "integrity": "sha1-jBJO38wC87OpzaoqKLiiA0FAF5k=",
      "dev": true,
      "requires": {
        "@types/d3-selection": "*"
      }
    },
    "@types/d3-brush": {
      "version": "1.0.10",
      "resolved": "https://registry.npm.taobao.org/@types/d3-brush/download/@types/d3-brush-1.0.10.tgz",
      "integrity": "sha1-qptVRdgWwp0Zz/IBGPI2cTr46fs=",
      "dev": true,
      "requires": {
        "@types/d3-selection": "*"
      }
    },
    "@types/d3-chord": {
      "version": "1.0.9",
      "resolved": "https://registry.npm.taobao.org/@types/d3-chord/download/@types/d3-chord-1.0.9.tgz",
      "integrity": "sha1-zMXeA/8HkCVJG3qmt1BnChQLRa4=",
      "dev": true
    },
    "@types/d3-collection": {
      "version": "1.0.8",
      "resolved": "https://registry.npm.taobao.org/@types/d3-collection/download/@types/d3-collection-1.0.8.tgz",
      "integrity": "sha1-qpVSxXCpbjPBMuD9IOMx9kuqndU=",
      "dev": true
    },
    "@types/d3-color": {
      "version": "1.2.2",
      "resolved": "https://registry.npm.taobao.org/@types/d3-color/download/@types/d3-color-1.2.2.tgz",
      "integrity": "sha1-gM98//dAFYe4+JMHujb+Sldrx88=",
      "dev": true
    },
    "@types/d3-contour": {
      "version": "1.3.0",
      "resolved": "https://registry.npm.taobao.org/@types/d3-contour/download/@types/d3-contour-1.3.0.tgz",
      "integrity": "sha1-GkCLEh+l40H3FeMFUwPvMHn8frA=",
      "dev": true,
      "requires": {
        "@types/d3-array": "*",
        "@types/geojson": "*"
      }
    },
    "@types/d3-dispatch": {
      "version": "1.0.7",
      "resolved": "https://registry.npm.taobao.org/@types/d3-dispatch/download/@types/d3-dispatch-1.0.7.tgz",
      "integrity": "sha1-ZyGu+7mGLOeMIKh6FJDCH1fD7X8=",
      "dev": true
    },
    "@types/d3-drag": {
      "version": "1.2.3",
      "resolved": "https://registry.npm.taobao.org/@types/d3-drag/download/@types/d3-drag-1.2.3.tgz",
      "integrity": "sha1-2N3MyijpOenGib6m9AqTfkjDkFE=",
      "dev": true,
      "requires": {
        "@types/d3-selection": "*"
      }
    },
    "@types/d3-dsv": {
      "version": "1.0.36",
      "resolved": "https://registry.npm.taobao.org/@types/d3-dsv/download/@types/d3-dsv-1.0.36.tgz",
      "integrity": "sha1-6REp18ArG4FIONAB6SHouaZxU9A=",
      "dev": true
    },
    "@types/d3-ease": {
      "version": "1.0.9",
      "resolved": "https://registry.npm.taobao.org/@types/d3-ease/download/@types/d3-ease-1.0.9.tgz",
      "integrity": "sha1-HdhJvX7e9kJukV4iDtmXDbXqTgQ=",
      "dev": true
    },
    "@types/d3-fetch": {
      "version": "1.1.5",
      "resolved": "https://registry.npm.taobao.org/@types/d3-fetch/download/@types/d3-fetch-1.1.5.tgz",
      "integrity": "sha1-UWAfed1GU7XYTmoxdteBReBl214=",
      "dev": true,
      "requires": {
        "@types/d3-dsv": "*"
      }
    },
    "@types/d3-force": {
      "version": "1.2.1",
      "resolved": "https://registry.npm.taobao.org/@types/d3-force/download/@types/d3-force-1.2.1.tgz",
      "integrity": "sha1-wogD6jb+KXiNtp76CtbC3AlUToM=",
      "dev": true
    },
    "@types/d3-format": {
      "version": "1.3.1",
      "resolved": "https://registry.npm.taobao.org/@types/d3-format/download/@types/d3-format-1.3.1.tgz",
      "integrity": "sha1-Nb+IJkvWvNo5JRFlu4J/Z4ecQ4Q=",
      "dev": true
    },
    "@types/d3-geo": {
      "version": "1.11.1",
      "resolved": "https://registry.npm.taobao.org/@types/d3-geo/download/@types/d3-geo-1.11.1.tgz",
      "integrity": "sha1-6W7JHxYiHYdQf+xmssyIn1LSST4=",
      "dev": true,
      "requires": {
        "@types/geojson": "*"
      }
    },
    "@types/d3-hierarchy": {
      "version": "1.1.6",
      "resolved": "https://registry.npm.taobao.org/@types/d3-hierarchy/download/@types/d3-hierarchy-1.1.6.tgz",
      "integrity": "sha1-TAF1IZAIE+pSTJ7LjXmF7CaprZo=",
      "dev": true
    },
    "@types/d3-interpolate": {
      "version": "1.3.1",
      "resolved": "https://registry.npm.taobao.org/@types/d3-interpolate/download/@types/d3-interpolate-1.3.1.tgz",
      "integrity": "sha1-HCgFEfYi3psLR9Rj+lX5pP1vX8g=",
      "dev": true,
      "requires": {
        "@types/d3-color": "*"
      }
    },
    "@types/d3-path": {
      "version": "1.0.8",
      "resolved": "https://registry.npm.taobao.org/@types/d3-path/download/@types/d3-path-1.0.8.tgz",
      "integrity": "sha1-SOaUWo/0PuChzoXIz6IzfehcfHk=",
      "dev": true
    },
    "@types/d3-polygon": {
      "version": "1.0.7",
      "resolved": "https://registry.npm.taobao.org/@types/d3-polygon/download/@types/d3-polygon-1.0.7.tgz",
      "integrity": "sha1-ezlHqi1IKH/1NSMNPTlmaKsXv98=",
      "dev": true
    },
    "@types/d3-quadtree": {
      "version": "1.0.7",
      "resolved": "https://registry.npm.taobao.org/@types/d3-quadtree/download/@types/d3-quadtree-1.0.7.tgz",
      "integrity": "sha1-jilGT/WzJvZhLBQo2TYrSzXeK3A=",
      "dev": true
    },
    "@types/d3-random": {
      "version": "1.1.2",
      "resolved": "https://registry.npm.taobao.org/@types/d3-random/download/@types/d3-random-1.1.2.tgz",
      "integrity": "sha1-b3fot7tkrDk/ktM/6PcQOLxPPN4=",
      "dev": true
    },
    "@types/d3-scale": {
      "version": "2.1.1",
      "resolved": "https://registry.npm.taobao.org/@types/d3-scale/download/@types/d3-scale-2.1.1.tgz",
      "integrity": "sha1-QF5Ydx7GrnuPe0F47hiHYgdZ6Pc=",
      "dev": true,
      "requires": {
        "@types/d3-time": "*"
      }
    },
    "@types/d3-scale-chromatic": {
      "version": "1.3.1",
      "resolved": "https://registry.npm.taobao.org/@types/d3-scale-chromatic/download/@types/d3-scale-chromatic-1.3.1.tgz",
      "integrity": "sha1-opSuaIY0Anhw8DB7+IAvhjqi3bM=",
      "dev": true
    },
    "@types/d3-selection": {
      "version": "1.4.1",
      "resolved": "https://registry.npm.taobao.org/@types/d3-selection/download/@types/d3-selection-1.4.1.tgz",
      "integrity": "sha1-+h+HEKa118/lxsqmHRYb58rkoCI=",
      "dev": true
    },
    "@types/d3-shape": {
      "version": "1.3.2",
      "resolved": "https://registry.npm.taobao.org/@types/d3-shape/download/@types/d3-shape-1.3.2.tgz",
      "integrity": "sha1-pB2daxDQLiIWlrJAyvC10PWliOw=",
      "dev": true,
      "requires": {
        "@types/d3-path": "*"
      }
    },
    "@types/d3-time": {
      "version": "1.0.10",
      "resolved": "https://registry.npm.taobao.org/@types/d3-time/download/@types/d3-time-1.0.10.tgz",
      "integrity": "sha1-0zjH/qyTqYoyqsh10RAPkse2H08=",
      "dev": true
    },
    "@types/d3-time-format": {
      "version": "2.1.1",
      "resolved": "https://registry.npm.taobao.org/@types/d3-time-format/download/@types/d3-time-format-2.1.1.tgz",
      "integrity": "sha1-3Sx57EV18TVUhKtrEEB4JGaOukI=",
      "dev": true
    },
    "@types/d3-timer": {
      "version": "1.0.9",
      "resolved": "https://registry.npm.taobao.org/@types/d3-timer/download/@types/d3-timer-1.0.9.tgz",
      "integrity": "sha1-rtG94M8Ykg0z9dRIOdc945NjP9M=",
      "dev": true
    },
    "@types/d3-transition": {
      "version": "1.1.6",
      "resolved": "https://registry.npm.taobao.org/@types/d3-transition/download/@types/d3-transition-1.1.6.tgz",
      "integrity": "sha1-flLaKXSdh0hmzIA/rROSVxOjcto=",
      "dev": true,
      "requires": {
        "@types/d3-selection": "*"
      }
    },
    "@types/d3-voronoi": {
      "version": "1.1.9",
      "resolved": "https://registry.npm.taobao.org/@types/d3-voronoi/download/@types/d3-voronoi-1.1.9.tgz",
      "integrity": "sha1-e7whCBijpcXguvsFFCDfIGYXyeU=",
      "dev": true
    },
    "@types/d3-zoom": {
      "version": "1.7.4",
      "resolved": "https://registry.npm.taobao.org/@types/d3-zoom/download/@types/d3-zoom-1.7.4.tgz",
      "integrity": "sha1-kib/0r04RuwOSk4r/yEWEtOq+tU=",
      "dev": true,
      "requires": {
        "@types/d3-interpolate": "*",
        "@types/d3-selection": "*"
      }
    },
    "@types/geojson": {
      "version": "7946.0.7",
      "resolved": "https://registry.npm.taobao.org/@types/geojson/download/@types/geojson-7946.0.7.tgz",
      "integrity": "sha1-yPpTK2CgBCIZzfFzyiGpde8GZq0=",
      "dev": true
    },
    "ansi-styles": {
      "version": "4.3.0",
      "resolved": "https://registry.npmmirror.com/ansi-styles/-/ansi-styles-4.3.0.tgz",
      "integrity": "sha512-zbB9rCJAT1rbjiVDb2hqKFHNYLxgtk8NURxZ3IZwD3F6NtxbXZQCnnSi1Lkx+IDohdPlFp222wVALIheZJQSEg==",
      "dev": true,
      "requires": {
        "color-convert": "^2.0.1"
      }
    },
    "braces": {
      "version": "3.0.2",
      "resolved": "https://registry.npmmirror.com/braces/-/braces-3.0.2.tgz",
      "integrity": "sha512-b8um+L1RzM3WDSzvhm6gIz1yfTbBt6YTlcEKAvsmqCZZFw46z626lVj9j1yEPW33H5H+lBQpZMP1k8l+78Ha0A==",
      "dev": true,
      "requires": {
        "fill-range": "^7.0.1"
      }
    },
    "chalk": {
      "version": "4.1.2",
      "resolved": "https://registry.npmmirror.com/chalk/-/chalk-4.1.2.tgz",
      "integrity": "sha512-oKnbhFyRIXpUuez8iBMmyEa4nbj4IOQyuhc/wy9kY7/WVPcwIO9VA668Pu8RkO7+0G76SLROeyw9CpQ061i4mA==",
      "dev": true,
      "requires": {
        "ansi-styles": "^4.1.0",
        "supports-color": "^7.1.0"
      }
    },
    "color-convert": {
      "version": "2.0.1",
      "resolved": "https://registry.npmmirror.com/color-convert/-/color-convert-2.0.1.tgz",
      "integrity": "sha512-RRECPsj7iu/xb5oKYcsFHSppFNnsj/52OVTRKb4zP5onXwVF3zVmmToNcOfGC+CRDpfK/U584fMg38ZHCaElKQ==",
      "dev": true,
      "requires": {
        "color-name": "~1.1.4"
      }
    },
    "color-name": {
      "version": "1.1.4",
      "resolved": "https://registry.npmmirror.com/color-name/-/color-name-1.1.4.tgz",
      "integrity": "sha512-dOy+3AuW3a2wNbZHIuMZpTcgjGuLU/uBL/ubcZF9OXbDo8ff4O8yVp5Bf0efS8uEoYo5q4Fx7dY9OgQGXgAsQA==",
      "dev": true
    },
    "commander": {
      "version": "2.20.3",
      "resolved": "https://registry.npm.taobao.org/commander/download/commander-2.20.3.tgz?cache=0&sync_timestamp=1581443110566&other_urls=https%3A%2F%2Fregistry.npm.taobao.org%2Fcommander%2Fdownload%2Fcommander-2.20.3.tgz",
      "integrity": "sha1-/UhehMA+tIgcIHIrpIA16FMa6zM=",
      "dev": true
    },
    "d3": {
      "version": "5.15.0",
      "resolved": "https://registry.npm.taobao.org/d3/download/d3-5.15.0.tgz?cache=0&sync_timestamp=1577638401191&other_urls=https%3A%2F%2Fregistry.npm.taobao.org%2Fd3%2Fdownload%2Fd3-5.15.0.tgz",
      "integrity": "sha1-/9RJWOajy4pZqEQpxFQpuLylZ3o=",
      "dev": true,
      "requires": {
        "d3-array": "1",
        "d3-axis": "1",
        "d3-brush": "1",
        "d3-chord": "1",
        "d3-collection": "1",
        "d3-color": "1",
        "d3-contour": "1",
        "d3-dispatch": "1",
        "d3-drag": "1",
        "d3-dsv": "1",
        "d3-ease": "1",
        "d3-fetch": "1",
        "d3-force": "1",
        "d3-format": "1",
        "d3-geo": "1",
        "d3-hierarchy": "1",
        "d3-interpolate": "1",
        "d3-path": "1",
        "d3-polygon": "1",
        "d3-quadtree": "1",
        "d3-random": "1",
        "d3-scale": "2",
        "d3-scale-chromatic": "1",
        "d3-selection": "1",
        "d3-shape": "1",
        "d3-time": "1",
        "d3-time-format": "2",
        "d3-timer": "1",
        "d3-transition": "1",
        "d3-voronoi": "1",
        "d3-zoom": "1"
      }
    },
    "d3-array": {
      "version": "1.2.4",
      "resolved": "https://registry.npm.taobao.org/d3-array/download/d3-array-1.2.4.tgz",
      "integrity": "sha1-Y1zk1e6nWfb2BYY9vPww7cc39x8=",
      "dev": true
    },
    "d3-axis": {
      "version": "1.0.12",
      "resolved": "https://registry.npm.taobao.org/d3-axis/download/d3-axis-1.0.12.tgz",
      "integrity": "sha1-zfILohDPu0N5WvM3Vohvs2ONqsk=",
      "dev": true
    },
    "d3-brush": {
      "version": "1.1.5",
      "resolved": "https://registry.npm.taobao.org/d3-brush/download/d3-brush-1.1.5.tgz",
      "integrity": "sha1-BmuOhNF7GSmGAwRGyXwPun4brNw=",
      "dev": true,
      "requires": {
        "d3-dispatch": "1",
        "d3-drag": "1",
        "d3-interpolate": "1",
        "d3-selection": "1",
        "d3-transition": "1"
      }
    },
    "d3-chord": {
      "version": "1.0.6",
      "resolved": "https://registry.npm.taobao.org/d3-chord/download/d3-chord-1.0.6.tgz",
      "integrity": "sha1-MJFX4/LbLHUvAoD+3TXyBnzLsV8=",
      "dev": true,
      "requires": {
        "d3-array": "1",
        "d3-path": "1"
      }
    },
    "d3-collection": {
      "version": "1.0.7",
      "resolved": "https://registry.npm.taobao.org/d3-collection/download/d3-collection-1.0.7.tgz",
      "integrity": "sha1-NJvSqpl32wcQkcExRNXk8WtbMQ4=",
      "dev": true
    },
    "d3-color": {
      "version": "1.4.0",
      "resolved": "https://registry.npm.taobao.org/d3-color/download/d3-color-1.4.0.tgz",
      "integrity": "sha1-icRamV7Xc7EzFPBkYN8m1gug7K8=",
      "dev": true
    },
    "d3-contour": {
      "version": "1.3.2",
      "resolved": "https://registry.npm.taobao.org/d3-contour/download/d3-contour-1.3.2.tgz",
      "integrity": "sha1-ZSqs1QDSJkyzQjzuENtp9vWb6tM=",
      "dev": true,
      "requires": {
        "d3-array": "^1.1.1"
      }
    },
    "d3-dispatch": {
      "version": "1.0.6",
      "resolved": "https://registry.npm.taobao.org/d3-dispatch/download/d3-dispatch-1.0.6.tgz?cache=0&other_urls=https%3A%2F%2Fregistry.npm.taobao.org%2Fd3-dispatch%2Fdownload%2Fd3-dispatch-1.0.6.tgz",
      "integrity": "sha1-ANN7zuTdjNl3Kd2JOgrCnKq6XVg=",
      "dev": true
    },
    "d3-drag": {
      "version": "1.2.5",
      "resolved": "https://registry.npm.taobao.org/d3-drag/download/d3-drag-1.2.5.tgz",
      "integrity": "sha1-JTf0UazTnTFAZne33HfIL32Yj3A=",
      "dev": true,
      "requires": {
        "d3-dispatch": "1",
        "d3-selection": "1"
      }
    },
    "d3-dsv": {
      "version": "1.2.0",
      "resolved": "https://registry.npm.taobao.org/d3-dsv/download/d3-dsv-1.2.0.tgz",
      "integrity": "sha1-nV91w6X4q9YR900/WEew1DOLiFw=",
      "dev": true,
      "requires": {
        "commander": "2",
        "iconv-lite": "0.4",
        "rw": "1"
      }
    },
    "d3-ease": {
      "version": "1.0.6",
      "resolved": "https://registry.npm.taobao.org/d3-ease/download/d3-ease-1.0.6.tgz",
      "integrity": "sha1-69ttoi36wKIiIvLU2gb2bEFqDsA=",
      "dev": true
    },
    "d3-fetch": {
      "version": "1.1.2",
      "resolved": "https://registry.npm.taobao.org/d3-fetch/download/d3-fetch-1.1.2.tgz",
      "integrity": "sha1-lXyPvG1EgFmboZGxslGL+Gs+G+I=",
      "dev": true,
      "requires": {
        "d3-dsv": "1"
      }
    },
    "d3-force": {
      "version": "1.2.1",
      "resolved": "https://registry.npm.taobao.org/d3-force/download/d3-force-1.2.1.tgz",
      "integrity": "sha1-/Sml0f8YHJ5/BmnkvXK9sOkU7As=",
      "dev": true,
      "requires": {
        "d3-collection": "1",
        "d3-dispatch": "1",
        "d3-quadtree": "1",
        "d3-timer": "1"
      }
    },
    "d3-format": {
      "version": "1.4.3",
      "resolved": "https://registry.npm.taobao.org/d3-format/download/d3-format-1.4.3.tgz?cache=0&sync_timestamp=1577638399481&other_urls=https%3A%2F%2Fregistry.npm.taobao.org%2Fd3-format%2Fdownload%2Fd3-format-1.4.3.tgz",
      "integrity": "sha1-To603/P9y4kahInsbmmGAcQblvE=",
      "dev": true
    },
    "d3-geo": {
      "version": "1.11.9",
      "resolved": "https://registry.npm.taobao.org/d3-geo/download/d3-geo-1.11.9.tgz?cache=0&sync_timestamp=1573929664411&other_urls=https%3A%2F%2Fregistry.npm.taobao.org%2Fd3-geo%2Fdownload%2Fd3-geo-1.11.9.tgz",
      "integrity": "sha1-d+rtFLpi/CwK71XNKUOEnIZveuY=",
      "dev": true,
      "requires": {
        "d3-array": "1"
      }
    },
    "d3-hierarchy": {
      "version": "1.1.9",
      "resolved": "https://registry.npm.taobao.org/d3-hierarchy/download/d3-hierarchy-1.1.9.tgz",
      "integrity": "sha1-L2vuJMqupD+Nw3VF+gFihVlkeoM=",
      "dev": true
    },
    "d3-interpolate": {
      "version": "1.4.0",
      "resolved": "https://registry.npm.taobao.org/d3-interpolate/download/d3-interpolate-1.4.0.tgz",
      "integrity": "sha1-Um554tgNqjg/ngwcHH3MDwWD6Yc=",
      "dev": true,
      "requires": {
        "d3-color": "1"
      }
    },
    "d3-path": {
      "version": "1.0.9",
      "resolved": "https://registry.npm.taobao.org/d3-path/download/d3-path-1.0.9.tgz?cache=0&sync_timestamp=1573930859389&other_urls=https%3A%2F%2Fregistry.npm.taobao.org%2Fd3-path%2Fdownload%2Fd3-path-1.0.9.tgz",
      "integrity": "sha1-SMBQux/owmJJOoyvVSTj6VkXAc8=",
      "dev": true
    },
    "d3-polygon": {
      "version": "1.0.6",
      "resolved": "https://registry.npm.taobao.org/d3-polygon/download/d3-polygon-1.0.6.tgz",
      "integrity": "sha1-C/jLgYCm3BB/UY3feXXhKrv7044=",
      "dev": true
    },
    "d3-quadtree": {
      "version": "1.0.7",
      "resolved": "https://registry.npm.taobao.org/d3-quadtree/download/d3-quadtree-1.0.7.tgz",
      "integrity": "sha1-youE33u1N2P+PC8kvUNRN/TlMTU=",
      "dev": true
    },
    "d3-random": {
      "version": "1.1.2",
      "resolved": "https://registry.npm.taobao.org/d3-random/download/d3-random-1.1.2.tgz?cache=0&sync_timestamp=1573938296388&other_urls=https%3A%2F%2Fregistry.npm.taobao.org%2Fd3-random%2Fdownload%2Fd3-random-1.1.2.tgz",
      "integrity": "sha1-KDO+fBJDYL+eLT/U8zhHz+bKspE=",
      "dev": true
    },
    "d3-scale": {
      "version": "2.2.2",
      "resolved": "https://registry.npm.taobao.org/d3-scale/download/d3-scale-2.2.2.tgz",
      "integrity": "sha1-TogOCydFrKrd0+3iap6Qip4XuB8=",
      "dev": true,
      "requires": {
        "d3-array": "^1.2.0",
        "d3-collection": "1",
        "d3-format": "1",
        "d3-interpolate": "1",
        "d3-time": "1",
        "d3-time-format": "2"
      }
    },
    "d3-scale-chromatic": {
      "version": "1.5.0",
      "resolved": "https://registry.npm.taobao.org/d3-scale-chromatic/download/d3-scale-chromatic-1.5.0.tgz",
      "integrity": "sha1-VOMz/HghL0ObFGQftVgB3YETWpg=",
      "dev": true,
      "requires": {
        "d3-color": "1",
        "d3-interpolate": "1"
      }
    },
    "d3-selection": {
      "version": "1.4.1",
      "resolved": "https://registry.npm.taobao.org/d3-selection/download/d3-selection-1.4.1.tgz",
      "integrity": "sha1-mO7bvghfvaW6+i+ePzovTX1iKpg=",
      "dev": true
    },
    "d3-shape": {
      "version": "1.3.7",
      "resolved": "https://registry.npm.taobao.org/d3-shape/download/d3-shape-1.3.7.tgz",
      "integrity": "sha1-32OAG+B7yYa8VPY3ibT+UCmStdc=",
      "dev": true,
      "requires": {
        "d3-path": "1"
      }
    },
    "d3-time": {
      "version": "1.1.0",
      "resolved": "https://registry.npm.taobao.org/d3-time/download/d3-time-1.1.0.tgz",
      "integrity": "sha1-seGdMH2unJALflsl/8XcwkmooPE=",
      "dev": true
    },
    "d3-time-format": {
      "version": "2.2.3",
      "resolved": "https://registry.npm.taobao.org/d3-time-format/download/d3-time-format-2.2.3.tgz?cache=0&sync_timestamp=1577638399940&other_urls=https%3A%2F%2Fregistry.npm.taobao.org%2Fd3-time-format%2Fdownload%2Fd3-time-format-2.2.3.tgz",
      "integrity": "sha1-DJoS7ig0KyA35eoc8LnrTddfKcs=",
      "dev": true,
      "requires": {
        "d3-time": "1"
      }
    },
    "d3-timer": {
      "version": "1.0.10",
      "resolved": "https://registry.npm.taobao.org/d3-timer/download/d3-timer-1.0.10.tgz?cache=0&sync_timestamp=1573938297645&other_urls=https%3A%2F%2Fregistry.npm.taobao.org%2Fd3-timer%2Fdownload%2Fd3-timer-1.0.10.tgz",
      "integrity": "sha1-3+dripF0iDGxO22ceT/71QjdneU=",
      "dev": true
    },
    "d3-transition": {
      "version": "1.3.2",
      "resolved": "https://registry.npm.taobao.org/d3-transition/download/d3-transition-1.3.2.tgz",
      "integrity": "sha1-qY7yFRvo2GAFQ0NMHKgBQK4js5g=",
      "dev": true,
      "requires": {
        "d3-color": "1",
        "d3-dispatch": "1",
        "d3-ease": "1",
        "d3-interpolate": "1",
        "d3-selection": "^1.1.0",
        "d3-timer": "1"
      }
    },
    "d3-voronoi": {
      "version": "1.1.4",
      "resolved": "https://registry.npm.taobao.org/d3-voronoi/download/d3-voronoi-1.1.4.tgz",
      "integrity": "sha1-3Tx412U9K7NZKErkeGRdlZRMgpc=",
      "dev": true
    },
    "d3-zoom": {
      "version": "1.8.3",
      "resolved": "https://registry.npm.taobao.org/d3-zoom/download/d3-zoom-1.8.3.tgz",
      "integrity": "sha1-tqPb5zjHdjEhzQW4p3lf/hf0/Ao=",
      "dev": true,
      "requires": {
        "d3-dispatch": "1",
        "d3-drag": "1",
        "d3-interpolate": "1",
        "d3-selection": "1",
        "d3-transition": "1"
      }
    },
    "enhanced-resolve": {
      "version": "5.12.0",
      "resolved": "https://registry.npmmirror.com/enhanced-resolve/-/enhanced-resolve-5.12.0.tgz",
      "integrity": "sha512-QHTXI/sZQmko1cbDoNAa3mJ5qhWUUNAq3vR0/YiD379fWQrcfuoX1+HW2S0MTt7XmoPLapdaDKUtelUSPic7hQ==",
      "dev": true,
      "requires": {
        "graceful-fs": "^4.2.4",
        "tapable": "^2.2.0"
      }
    },
    "fill-range": {
      "version": "7.0.1",
      "resolved": "https://registry.npmmirror.com/fill-range/-/fill-range-7.0.1.tgz",
      "integrity": "sha512-qOo9F+dMUmC2Lcb4BbVvnKJxTPjCm+RRpe4gDuGrzkL7mEVl/djYSu2OdQ2Pa302N4oqkSg9ir6jaLWJ2USVpQ==",
      "dev": true,
      "requires": {
        "to-regex-range": "^5.0.1"
      }
    },
    "graceful-fs": {
      "version": "4.2.10",
      "resolved": "https://registry.npmmirror.com/graceful-fs/-/graceful-fs-4.2.10.tgz",
      "integrity": "sha512-9ByhssR2fPVsNZj478qUUbKfmL0+t5BDVyjShtyZZLiK7ZDAArFFfopyOTj0M05wE2tJPisA4iTnnXl2YoPvOA==",
      "dev": true
    },
    "has-flag": {
      "version": "4.0.0",
      "resolved": "https://registry.npmmirror.com/has-flag/-/has-flag-4.0.0.tgz",
      "integrity": "sha512-EykJT/Q1KjTWctppgIAgfSO0tKVuZUjhgMr17kqTumMl6Afv3EISleU7qZUzoXDFTAHTDC4NOoG/ZxU3EvlMPQ==",
      "dev": true
    },
    "iconv-lite": {
      "version": "0.4.24",
      "resolved": "https://registry.npm.taobao.org/iconv-lite/download/iconv-lite-0.4.24.tgz?cache=0&sync_timestamp=1579333981154&other_urls=https%3A%2F%2Fregistry.npm.taobao.org%2Ficonv-lite%2Fdownload%2Ficonv-lite-0.4.24.tgz",
      "integrity": "sha1-ICK0sl+93CHS9SSXSkdKr+czkIs=",
      "dev": true,
      "requires": {
        "safer-buffer": ">= 2.1.2 < 3"
      }
    },
    "is-number": {
      "version": "7.0.0",
      "resolved": "https://registry.npmmirror.com/is-number/-/is-number-7.0.0.tgz",
      "integrity": "sha512-41Cifkg6e8TylSpdtTpeLVMqvSBEVzTttHvERD741+pnZ8ANv0004MRL43QKPDlK9cGvNp6NZWZUBlbGXYxxng==",
      "dev": true
    },
    "lru-cache": {
      "version": "6.0.0",
      "resolved": "https://registry.npmmirror.com/lru-cache/-/lru-cache-6.0.0.tgz",
      "integrity": "sha512-Jo6dJ04CmSjuznwJSS3pUeWmd/H0ffTlkXXgwZi+eq1UCmqQwCh+eLsYOYCwY991i2Fah4h1BEMCx4qThGbsiA==",
      "dev": true,
      "requires": {
        "yallist": "^4.0.0"
      }
    },
    "micromatch": {
      "version": "4.0.5",
      "resolved": "https://registry.npmmirror.com/micromatch/-/micromatch-4.0.5.tgz",
      "integrity": "sha512-DMy+ERcEW2q8Z2Po+WNXuw3c5YaUSFjAO5GsJqfEl7UjvtIuFKO6ZrKvcItdy98dwFI2N1tg3zNIdKaQT+aNdA==",
      "dev": true,
      "requires": {
        "braces": "^3.0.2",
        "picomatch": "^2.3.1"
      }
    },
    "picomatch": {
      "version": "2.3.1",
      "resolved": "https://registry.npmmirror.com/picomatch/-/picomatch-2.3.1.tgz",
      "integrity": "sha512-JU3teHTNjmE2VCGFzuY8EXzCDVwEqB2a8fsIvwaStHhAWJEeVd1o1QD80CU6+ZdEXXSLbSsuLwJjkCBWqRQUVA==",
      "dev": true
    },
    "rw": {
      "version": "1.3.3",
      "resolved": "https://registry.npm.taobao.org/rw/download/rw-1.3.3.tgz",
      "integrity": "sha1-P4Yt+pGrdmsUiF700BEkv9oHT7Q=",
      "dev": true
    },
    "safer-buffer": {
      "version": "2.1.2",
      "resolved": "https://registry.npm.taobao.org/safer-buffer/download/safer-buffer-2.1.2.tgz",
      "integrity": "sha1-RPoWGwGHuVSd2Eu5GAL5vYOFzWo=",
      "dev": true
    },
    "semver": {
      "version": "7.3.8",
      "resolved": "https://registry.npmmirror.com/semver/-/semver-7.3.8.tgz",
      "integrity": "sha512-NB1ctGL5rlHrPJtFDVIVzTyQylMLu9N9VICA6HSFJo8MCGVTMW6gfpicwKmmK/dAjTOrqu5l63JJOpDSrAis3A==",
      "dev": true,
      "requires": {
        "lru-cache": "^6.0.0"
      }
    },
    "supports-color": {
      "version": "7.2.0",
      "resolved": "https://registry.npmmirror.com/supports-color/-/supports-color-7.2.0.tgz",
      "integrity": "sha512-qpCAvRl9stuOHveKsn7HncJRvv501qIacKzQlO/+Lwxc9+0q2wLyv4Dfvt80/DPn2pqOBsJdDiogXGR9+OvwRw==",
      "dev": true,
      "requires": {
        "has-flag": "^4.0.0"
      }
    },
    "tapable": {
      "version": "2.2.1",
      "resolved": "https://registry.npmmirror.com/tapable/-/tapable-2.2.1.tgz",
      "integrity": "sha512-GNzQvQTOIP6RyTfE2Qxb8ZVlNmw0n88vp1szwWRimP02mnTsx3Wtn5qRdqY9w2XduFNUgvOwhNnQsjwCp+kqaQ==",
      "dev": true
    },
    "to-regex-range": {
      "version": "5.0.1",
      "resolved": "https://registry.npmmirror.com/to-regex-range/-/to-regex-range-5.0.1.tgz",
      "integrity": "sha512-65P7iz6X5yEr1cwcgvQxbbIw7Uk3gOy5dIdtZ4rDveLqhrdJP+Li/Hx6tyK0NEb+2GCyneCMJiGqrADCSNk8sQ==",
      "dev": true,
      "requires": {
        "is-number": "^7.0.0"
      }
    },
    "ts-loader": {
      "version": "9.4.2",
      "resolved": "https://registry.npmmirror.com/ts-loader/-/ts-loader-9.4.2.tgz",
      "integrity": "sha512-OmlC4WVmFv5I0PpaxYb+qGeGOdm5giHU7HwDDUjw59emP2UYMHy9fFSDcYgSNoH8sXcj4hGCSEhlDZ9ULeDraA==",
      "dev": true,
      "requires": {
        "chalk": "^4.1.0",
        "enhanced-resolve": "^5.0.0",
        "micromatch": "^4.0.0",
        "semver": "^7.3.4"
      }
    },
    "typescript": {
      "version": "3.7.5",
      "resolved": "https://registry.npm.taobao.org/typescript/download/typescript-3.7.5.tgz",
      "integrity": "sha1-BpLiH2X9QQi5MwI4qsEd0uF3oa4=",
      "dev": true
    },
    "yallist": {
      "version": "4.0.0",
      "resolved": "https://registry.npmmirror.com/yallist/-/yallist-4.0.0.tgz",
      "integrity": "sha512-3wdGidZyq5PB084XLES5TpOSRA3wjXAlIWMhum2kRcv/41Sn2emQ0dycQW4uZXLejwKvg6EsvbdlVL+FYEct7A==",
      "dev": true
    }
  }
}
